
Microsoft Visual Studio Solution File, Format Version 12.00
# Visual Studio 15
VisualStudioVersion = 15.0.28307.852
MinimumVisualStudioVersion = 10.0.40219.1
Project("{8BC9CEB8-8B4A-11D0-8D11-00A0C91BC942}") = "objTranslator", "objTranslator.vcxproj", "{5C0F4D24-32AA-4F9A-B192-8D1D392DD129}"
EndProject
Global
	GlobalSection(SolutionConfigurationPlatforms) = preSolution
		Debug|x64 = Debug|x64
		Debug|x86 = Debug|x86
		Release|x64 = Release|x64
		Release|x86 = Release|x86
	EndGlobalSection
	GlobalSection(ProjectConfigurationPlatforms) = postSolution
		{5C0F4D24-32AA-4F9A-B192-8D1D392DD129}.Debug|x64.ActiveCfg = Debug|x64
		{5C0F4D24-32AA-4F9A-B192-8D1D392DD129}.Debug|x64.Build.0 = Debug|x64
		{5C0F4D24-32AA-4F9A-B192-8D1D392DD129}.Debug|x86.ActiveCfg = Debug|Win32
		{5C0F4D24-32AA-4F9A-B192-8D1D392DD129}.Debug|x86.Build.0 = Debug|Win32
		{5C0F4D24-32AA-4F9A-B192-8D1D392DD129}.Release|x64.ActiveCfg = Release|x64
		{5C0F4D24-32AA-4F9A-B192-8D1D392DD129}.Release|x64.Build.0 = Release|x64
		{5C0F4D24-32AA-4F9A-B192-8D1D392DD129}.Release|x86.ActiveCfg = Release|Win32
		{5C0F4D24-32AA-4F9A-B192-8D1D392DD129}.Release|x86.Build.0 = Release|Win32
	EndGlobalSection
	GlobalSection(SolutionProperties) = preSolution
		HideSolutionNode = FALSE
	EndGlobalSection
	GlobalSection(ExtensibilityGlobals) = postSolution
		SolutionGuid = {ADCEFD34-8B47-453E-A5B5-40B606F26C57}
	EndGlobalSection
EndGlobal
